
Microsoft Visual Studio Solution File, Format Version 12.00
# Visual Studio Version 17
VisualStudioVersion = 17.13.35825.156 d17.13
MinimumVisualStudioVersion = 10.0.40219.1
Project("{FAE04EC0-301F-11D3-BF4B-00C04F79EFBC}") = "CRUDMahasiswaADO", "CRUDMahasiswaADO.csproj", "{A1D2C00A-F41C-436E-8BC0-3C6A7B98B103}"
EndProject
Global
	GlobalSection(SolutionConfigurationPlatforms) = preSolution
		Debug|Any CPU = Debug|Any CPU
		Release|Any CPU = Release|Any CPU
	EndGlobalSection
	GlobalSection(ProjectConfigurationPlatforms) = postSolution
		{A1D2C00A-F41C-436E-8BC0-3C6A7B98B103}.Debug|Any CPU.ActiveCfg = Debug|Any CPU
		{A1D2C00A-F41C-436E-8BC0-3C6A7B98B103}.Debug|Any CPU.Build.0 = Debug|Any CPU
		{A1D2C00A-F41C-436E-8BC0-3C6A7B98B103}.Release|Any CPU.ActiveCfg = Release|Any CPU
		{A1D2C00A-F41C-436E-8BC0-3C6A7B98B103}.Release|Any CPU.Build.0 = Release|Any CPU
	EndGlobalSection
	GlobalSection(SolutionProperties) = preSolution
		HideSolutionNode = FALSE
	EndGlobalSection
	GlobalSection(ExtensibilityGlobals) = postSolution
		SolutionGuid = {48822BB3-F1D5-468C-B1FC-BEB5D8892749}
	EndGlobalSection
EndGlobal
